
Microsoft Visual Studio Solution File, Format Version 12.00
# Visual Studio 15
VisualStudioVersion = 15.0.28010.2016
MinimumVisualStudioVersion = 10.0.40219.1
Project("{8BC9CEB8-8B4A-11D0-8D11-00A0C91BC942}") = "Exercise_4-7", "Exercise_4-7\Exercise_4-7.vcxproj", "{F68E3595-A475-4F36-8CEC-D0FA7C041AE7}"
EndProject
Project("{8BC9CEB8-8B4A-11D0-8D11-00A0C91BC942}") = "BigInt", "BigInt\BigInt.vcxproj", "{0713E32E-A762-4402-8F72-85CD685F643B}"
EndProject
Global
	GlobalSection(SolutionConfigurationPlatforms) = preSolution
		Debug|x64 = Debug|x64
		Debug|x86 = Debug|x86
		Release|x64 = Release|x64
		Release|x86 = Release|x86
	EndGlobalSection
	GlobalSection(ProjectConfigurationPlatforms) = postSolution
		{F68E3595-A475-4F36-8CEC-D0FA7C041AE7}.Debug|x64.ActiveCfg = Debug|x64
		{F68E3595-A475-4F36-8CEC-D0FA7C041AE7}.Debug|x64.Build.0 = Debug|x64
		{F68E3595-A475-4F36-8CEC-D0FA7C041AE7}.Debug|x86.ActiveCfg = Debug|Win32
		{F68E3595-A475-4F36-8CEC-D0FA7C041AE7}.Debug|x86.Build.0 = Debug|Win32
		{F68E3595-A475-4F36-8CEC-D0FA7C041AE7}.Release|x64.ActiveCfg = Release|x64
		{F68E3595-A475-4F36-8CEC-D0FA7C041AE7}.Release|x64.Build.0 = Release|x64
		{F68E3595-A475-4F36-8CEC-D0FA7C041AE7}.Release|x86.ActiveCfg = Release|Win32
		{F68E3595-A475-4F36-8CEC-D0FA7C041AE7}.Release|x86.Build.0 = Release|Win32
		{0713E32E-A762-4402-8F72-85CD685F643B}.Debug|x64.ActiveCfg = Debug|x64
		{0713E32E-A762-4402-8F72-85CD685F643B}.Debug|x64.Build.0 = Debug|x64
		{0713E32E-A762-4402-8F72-85CD685F643B}.Debug|x86.ActiveCfg = Debug|Win32
		{0713E32E-A762-4402-8F72-85CD685F643B}.Debug|x86.Build.0 = Debug|Win32
		{0713E32E-A762-4402-8F72-85CD685F643B}.Release|x64.ActiveCfg = Release|x64
		{0713E32E-A762-4402-8F72-85CD685F643B}.Release|x64.Build.0 = Release|x64
		{0713E32E-A762-4402-8F72-85CD685F643B}.Release|x86.ActiveCfg = Release|Win32
		{0713E32E-A762-4402-8F72-85CD685F643B}.Release|x86.Build.0 = Release|Win32
	EndGlobalSection
	GlobalSection(SolutionProperties) = preSolution
		HideSolutionNode = FALSE
	EndGlobalSection
	GlobalSection(ExtensibilityGlobals) = postSolution
		SolutionGuid = {A374FE04-2D3E-4B04-8F8C-35625D3F303E}
	EndGlobalSection
EndGlobal
