
Microsoft Visual Studio Solution File, Format Version 12.00
# Visual Studio 15
VisualStudioVersion = 15.0.28010.2016
MinimumVisualStudioVersion = 10.0.40219.1
Project("{8BC9CEB8-8B4A-11D0-8D11-00A0C91BC942}") = "Exercise_4-7", "Exercise_4-7\Exercise_4-7.vcxproj", "{D490E24E-BE79-45CD-A97B-3A3647B8DF61}"
EndProject
Project("{8BC9CEB8-8B4A-11D0-8D11-00A0C91BC942}") = "BigInt", "BigInt_in_progress\BigInt.vcxproj", "{86B8FA1D-5C50-4B4A-B20C-8D1047851854}"
EndProject
Global
	GlobalSection(SolutionConfigurationPlatforms) = preSolution
		Debug|x64 = Debug|x64
		Debug|x86 = Debug|x86
		Release|x64 = Release|x64
		Release|x86 = Release|x86
	EndGlobalSection
	GlobalSection(ProjectConfigurationPlatforms) = postSolution
		{D490E24E-BE79-45CD-A97B-3A3647B8DF61}.Debug|x64.ActiveCfg = Debug|x64
		{D490E24E-BE79-45CD-A97B-3A3647B8DF61}.Debug|x64.Build.0 = Debug|x64
		{D490E24E-BE79-45CD-A97B-3A3647B8DF61}.Debug|x86.ActiveCfg = Debug|Win32
		{D490E24E-BE79-45CD-A97B-3A3647B8DF61}.Debug|x86.Build.0 = Debug|Win32
		{D490E24E-BE79-45CD-A97B-3A3647B8DF61}.Release|x64.ActiveCfg = Release|x64
		{D490E24E-BE79-45CD-A97B-3A3647B8DF61}.Release|x64.Build.0 = Release|x64
		{D490E24E-BE79-45CD-A97B-3A3647B8DF61}.Release|x86.ActiveCfg = Release|Win32
		{D490E24E-BE79-45CD-A97B-3A3647B8DF61}.Release|x86.Build.0 = Release|Win32
		{86B8FA1D-5C50-4B4A-B20C-8D1047851854}.Debug|x64.ActiveCfg = Debug|x64
		{86B8FA1D-5C50-4B4A-B20C-8D1047851854}.Debug|x64.Build.0 = Debug|x64
		{86B8FA1D-5C50-4B4A-B20C-8D1047851854}.Debug|x86.ActiveCfg = Debug|Win32
		{86B8FA1D-5C50-4B4A-B20C-8D1047851854}.Debug|x86.Build.0 = Debug|Win32
		{86B8FA1D-5C50-4B4A-B20C-8D1047851854}.Release|x64.ActiveCfg = Release|x64
		{86B8FA1D-5C50-4B4A-B20C-8D1047851854}.Release|x64.Build.0 = Release|x64
		{86B8FA1D-5C50-4B4A-B20C-8D1047851854}.Release|x86.ActiveCfg = Release|Win32
		{86B8FA1D-5C50-4B4A-B20C-8D1047851854}.Release|x86.Build.0 = Release|Win32
	EndGlobalSection
	GlobalSection(SolutionProperties) = preSolution
		HideSolutionNode = FALSE
	EndGlobalSection
	GlobalSection(ExtensibilityGlobals) = postSolution
		SolutionGuid = {914CE669-B07E-455E-BC4E-91424A9F6905}
	EndGlobalSection
EndGlobal
